
Microsoft Visual Studio Solution File, Format Version 12.00
# Visual Studio Version 16
VisualStudioVersion = 16.0.32630.194
MinimumVisualStudioVersion = 10.0.40219.1
Project("{FAE04EC0-301F-11D3-BF4B-00C04F79EFBC}") = "UFOAppAngular", "UFOAppAngular\UFOAppAngular.csproj", "{2817F27B-528D-4847-80B9-0A99002C828F}"
EndProject
Global
	GlobalSection(SolutionConfigurationPlatforms) = preSolution
		Debug|Any CPU = Debug|Any CPU
		Release|Any CPU = Release|Any CPU
	EndGlobalSection
	GlobalSection(ProjectConfigurationPlatforms) = postSolution
		{2817F27B-528D-4847-80B9-0A99002C828F}.Debug|Any CPU.ActiveCfg = Debug|Any CPU
		{2817F27B-528D-4847-80B9-0A99002C828F}.Debug|Any CPU.Build.0 = Debug|Any CPU
		{2817F27B-528D-4847-80B9-0A99002C828F}.Release|Any CPU.ActiveCfg = Release|Any CPU
		{2817F27B-528D-4847-80B9-0A99002C828F}.Release|Any CPU.Build.0 = Release|Any CPU
	EndGlobalSection
	GlobalSection(SolutionProperties) = preSolution
		HideSolutionNode = FALSE
	EndGlobalSection
	GlobalSection(ExtensibilityGlobals) = postSolution
		SolutionGuid = {713E3FCF-9D3C-4833-8DEF-DAE6F9D9D917}
	EndGlobalSection
EndGlobal
